# @generated - this file is auto-generated by `mise lock` https://mise.jdx.dev/dev-tools/mise-lock.html

[[tools.node]]
version = "22.22.2"
backend = "core:node"

[tools.node."platforms.linux-arm64"]
checksum = "sha256:b2f3a96f31486bfc365192ad65ced14833ad2a3c2e1bcefec4846902f264fa28"
url = "https://nodejs.org/dist/v22.22.2/node-v22.22.2-linux-arm64.tar.gz"

[tools.node."platforms.linux-arm64-musl"]
checksum = "sha256:b2f3a96f31486bfc365192ad65ced14833ad2a3c2e1bcefec4846902f264fa28"
url = "https://nodejs.org/dist/v22.22.2/node-v22.22.2-linux-arm64.tar.gz"

[tools.node."platforms.linux-x64"]
checksum = "sha256:978978a635eef872fa68beae09f0aad0bbbae6757e444da80b570964a97e62a3"
url = "https://nodejs.org/dist/v22.22.2/node-v22.22.2-linux-x64.tar.gz"

[tools.node."platforms.linux-x64-musl"]
checksum = "sha256:978978a635eef872fa68beae09f0aad0bbbae6757e444da80b570964a97e62a3"
url = "https://nodejs.org/dist/v22.22.2/node-v22.22.2-linux-x64.tar.gz"

[tools.node."platforms.macos-arm64"]
checksum = "sha256:db4b275b83736df67533529a18cc55de2549a8329ace6c7bcc68f8d22d3c9000"
url = "https://nodejs.org/dist/v22.22.2/node-v22.22.2-darwin-arm64.tar.gz"

[tools.node."platforms.macos-x64"]
checksum = "sha256:12a6abb9c2902cf48a21120da13f87fde1ed1b71a13330712949e8db818708ba"
url = "https://nodejs.org/dist/v22.22.2/node-v22.22.2-darwin-x64.tar.gz"

[tools.node."platforms.windows-x64"]
checksum = "sha256:7c93e9d92bf68c07182b471aa187e35ee6cd08ef0f24ab060dfff605fcc1c57c"
url = "https://nodejs.org/dist/v22.22.2/node-v22.22.2-win-x64.zip"

[[tools.pnpm]]
version = "10.33.0"
backend = "aqua:pnpm/pnpm"

[tools.pnpm."platforms.linux-arm64"]
checksum = "sha256:06755ad2817548b84317d857d5c8003dc6e9e28416a3ea7467256c49ab400d48"
url = "https://github.com/pnpm/pnpm/releases/download/v10.33.0/pnpm-linux-arm64"

[tools.pnpm."platforms.linux-arm64-musl"]
checksum = "sha256:06755ad2817548b84317d857d5c8003dc6e9e28416a3ea7467256c49ab400d48"
url = "https://github.com/pnpm/pnpm/releases/download/v10.33.0/pnpm-linux-arm64"

[tools.pnpm."platforms.linux-x64"]
checksum = "sha256:8d4e8f7d778e8ac482022e2577011706a872542f6f6f233e795a4d9f978ea8b5"
url = "https://github.com/pnpm/pnpm/releases/download/v10.33.0/pnpm-linux-x64"

[tools.pnpm."platforms.linux-x64-musl"]
checksum = "sha256:8d4e8f7d778e8ac482022e2577011706a872542f6f6f233e795a4d9f978ea8b5"
url = "https://github.com/pnpm/pnpm/releases/download/v10.33.0/pnpm-linux-x64"

[tools.pnpm."platforms.macos-arm64"]
checksum = "sha256:ed8a1f140f4de457b01ebe0be3ae28e9a7e28863315dcd53d22ff1e5a32d63ae"
url = "https://github.com/pnpm/pnpm/releases/download/v10.33.0/pnpm-macos-arm64"

[tools.pnpm."platforms.macos-x64"]
checksum = "sha256:c31e29554b0e3f4e03f4617195c949595e4dca36085922003de4896c3ca4057d"
url = "https://github.com/pnpm/pnpm/releases/download/v10.33.0/pnpm-macos-x64"

[tools.pnpm."platforms.windows-x64"]
checksum = "sha256:afc96009dc39fe23a835d65192049e6a995f342496b175585dc2beda7d42d33f"
url = "https://github.com/pnpm/pnpm/releases/download/v10.33.0/pnpm-win-x64.exe"
